// !$*UTF8*$!
{
	archiveVersion = 1;
	classes = {
	};
	objectVersion = 50;
	objects = {

/* Begin PBXBuildFile section */
		6CBDB33626CFBCFA00759A09 /* MyFirstProjectApp.swift in Sources */ = {isa = PBXBuildFile; fileRef = 6CBDB33526CFBCFA00759A09 /* MyFirstProjectApp.swift */; };
		6CBDB33826CFBCFA00759A09 /* ContentView.swift in Sources */ = {isa = PBXBuildFile; fileRef = 6CBDB33726CFBCFA00759A09 /* ContentView.swift */; };
		6CBDB33A26CFBCFD00759A09 /* Assets.xcassets in Resources */ = {isa = PBXBuildFile; fileRef = 6CBDB33926CFBCFD00759A09 /* Assets.xcassets */; };
		6CBDB33D26CFBCFD00759A09 /* Preview Assets.xcassets in Resources */ = {isa = PBXBuildFile; fileRef = 6CBDB33C26CFBCFD00759A09 /* Preview Assets.xcassets */; };
		6CBDB34826CFBCFD00759A09 /* MyFirstProjectTests.swift in Sources */ = {isa = PBXBuildFile; fileRef = 6CBDB34726CFBCFD00759A09 /* MyFirstProjectTests.swift */; };
		6CBDB35326CFBCFD00759A09 /* MyFirstProjectUITests.swift in Sources */ = {isa = PBXBuildFile; fileRef = 6CBDB35226CFBCFD00759A09 /* MyFirstProjectUITests.swift */; };
/* End PBXBuildFile section */

/* Begin PBXContainerItemProxy section */
		6CBDB34426CFBCFD00759A09 /* PBXContainerItemProxy */ = {
			isa = PBXContainerItemProxy;
			containerPortal = 6CBDB32A26CFBCF900759A09 /* Project object */;
			proxyType = 1;
			remoteGlobalIDString = 6CBDB33126CFBCF900759A09;
			remoteInfo = MyFirstProject;
		};
		6CBDB34F26CFBCFD00759A09 /* PBXContainerItemProxy */ = {
			isa = PBXContainerItemProxy;
			containerPortal = 6CBDB32A26CFBCF900759A09 /* Project object */;
			proxyType = 1;
			remoteGlobalIDString = 6CBDB33126CFBCF900759A09;
			remoteInfo = MyFirstProject;
		};
/* End PBXContainerItemProxy section */

/* Begin PBXFileReference section */
		6CBDB33226CFBCF900759A09 /* MyFirstProject.app */ = {isa = PBXFileReference; explicitFileType = wrapper.application; includeInIndex = 0; path = MyFirstProject.app; sourceTree = BUILT_PRODUCTS_DIR; };
		6CBDB33526CFBCFA00759A09 /* MyFirstProjectApp.swift */ = {isa = PBXFileReference; lastKnownFileType = sourcecode.swift; path = MyFirstProjectApp.swift; sourceTree = "<group>"; };
		6CBDB33726CFBCFA00759A09 /* ContentView.swift */ = {isa = PBXFileReference; lastKnownFileType = sourcecode.swift; path = ContentView.swift; sourceTree = "<group>"; };
		6CBDB33926CFBCFD00759A09 /* Assets.xcassets */ = {isa = PBXFileReference; lastKnownFileType = folder.assetcatalog; path = Assets.xcassets; sourceTree = "<group>"; };
		6CBDB33C26CFBCFD00759A09 /* Preview Assets.xcassets */ = {isa = PBXFileReference; lastKnownFileType = folder.assetcatalog; path = "Preview Assets.xcassets"; sourceTree = "<group>"; };
		6CBDB33E26CFBCFD00759A09 /* Info.plist */ = {isa = PBXFileReference; lastKnownFileType = text.plist.xml; path = Info.plist; sourceTree = "<group>"; };
		6CBDB34326CFBCFD00759A09 /* MyFirstProjectTests.xctest */ = {isa = PBXFileReference; explicitFileType = wrapper.cfbundle; includeInIndex = 0; path = MyFirstProjectTests.xctest; sourceTree = BUILT_PRODUCTS_DIR; };
		6CBDB34726CFBCFD00759A09 /* MyFirstProjectTests.swift */ = {isa = PBXFileReference; lastKnownFileType = sourcecode.swift; path = MyFirstProjectTests.swift; sourceTree = "<group>"; };
		6CBDB34926CFBCFD00759A09 /* Info.plist */ = {isa = PBXFileReference; lastKnownFileType = text.plist.xml; path = Info.plist; sourceTree = "<group>"; };
		6CBDB34E26CFBCFD00759A09 /* MyFirstProjectUITests.xctest */ = {isa = PBXFileReference; explicitFileType = wrapper.cfbundle; includeInIndex = 0; path = MyFirstProjectUITests.xctest; sourceTree = BUILT_PRODUCTS_DIR; };
		6CBDB35226CFBCFD00759A09 /* MyFirstProjectUITests.swift */ = {isa = PBXFileReference; lastKnownFileType = sourcecode.swift; path = MyFirstProjectUITests.swift; sourceTree = "<group>"; };
		6CBDB35426CFBCFD00759A09 /* Info.plist */ = {isa = PBXFileReference; lastKnownFileType = text.plist.xml; path = Info.plist; sourceTree = "<group>"; };
/* End PBXFileReference section */

/* Begin PBXFrameworksBuildPhase section */
		6CBDB32F26CFBCF900759A09 /* Frameworks */ = {
			isa = PBXFrameworksBuildPhase;
			buildActionMask = 2147483647;
			files = (
			);
			runOnlyForDeploymentPostprocessing = 0;
		};
		6CBDB34026CFBCFD00759A09 /* Frameworks */ = {
			isa = PBXFrameworksBuildPhase;
			buildActionMask = 2147483647;
			files = (
			);
			runOnlyForDeploymentPostprocessing = 0;
		};
		6CBDB34B26CFBCFD00759A09 /* Frameworks */ = {
			isa = PBXFrameworksBuildPhase;
			buildActionMask = 2147483647;
			files = (
			);
			runOnlyForDeploymentPostprocessing = 0;
		};
/* End PBXFrameworksBuildPhase section */

/* Begin PBXGroup section */
		6CBDB32926CFBCF900759A09 = {
			isa = PBXGroup;
			children = (
				6CBDB33426CFBCF900759A09 /* MyFirstProject */,
				6CBDB34626CFBCFD00759A09 /* MyFirstProjectTests */,
				6CBDB35126CFBCFD00759A09 /* MyFirstProjectUITests */,
				6CBDB33326CFBCF900759A09 /* Products */,
			);
			sourceTree = "<group>";
		};
		6CBDB33326CFBCF900759A09 /* Products */ = {
			isa = PBXGroup;
			children = (
				6CBDB33226CFBCF900759A09 /* MyFirstProject.app */,
				6CBDB34326CFBCFD00759A09 /* MyFirstProjectTests.xctest */,
				6CBDB34E26CFBCFD00759A09 /* MyFirstProjectUITests.xctest */,
			);
			name = Products;
			sourceTree = "<group>";
		};
		6CBDB33426CFBCF900759A09 /* MyFirstProject */ = {
			isa = PBXGroup;
			children = (
				6CBDB33526CFBCFA00759A09 /* MyFirstProjectApp.swift */,
				6CBDB33726CFBCFA00759A09 /* ContentView.swift */,
				6CBDB33926CFBCFD00759A09 /* Assets.xcassets */,
				6CBDB33E26CFBCFD00759A09 /* Info.plist */,
				6CBDB33B26CFBCFD00759A09 /* Preview Content */,
			);
			path = MyFirstProject;
			sourceTree = "<group>";
		};
		6CBDB33B26CFBCFD00759A09 /* Preview Content */ = {
			isa = PBXGroup;
			children = (
				6CBDB33C26CFBCFD00759A09 /* Preview Assets.xcassets */,
			);
			path = "Preview Content";
			sourceTree = "<group>";
		};
		6CBDB34626CFBCFD00759A09 /* MyFirstProjectTests */ = {
			isa = PBXGroup;
			children = (
				6CBDB34726CFBCFD00759A09 /* MyFirstProjectTests.swift */,
				6CBDB34926CFBCFD00759A09 /* Info.plist */,
			);
			path = MyFirstProjectTests;
			sourceTree = "<group>";
		};
		6CBDB35126CFBCFD00759A09 /* MyFirstProjectUITests */ = {
			isa = PBXGroup;
			children = (
				6CBDB35226CFBCFD00759A09 /* MyFirstProjectUITests.swift */,
				6CBDB35426CFBCFD00759A09 /* Info.plist */,
			);
			path = MyFirstProjectUITests;
			sourceTree = "<group>";
		};
/* End PBXGroup section */

/* Begin PBXNativeTarget section */
		6CBDB33126CFBCF900759A09 /* MyFirstProject */ = {
			isa = PBXNativeTarget;
			buildConfigurationList = 6CBDB35726CFBCFD00759A09 /* Build configuration list for PBXNativeTarget "MyFirstProject" */;
			buildPhases = (
				6CBDB32E26CFBCF900759A09 /* Sources */,
				6CBDB32F26CFBCF900759A09 /* Frameworks */,
				6CBDB33026CFBCF900759A09 /* Resources */,
			);
			buildRules = (
			);
			dependencies = (
			);
			name = MyFirstProject;
			productName = MyFirstProject;
			productReference = 6CBDB33226CFBCF900759A09 /* MyFirstProject.app */;
			productType = "com.apple.product-type.application";
		};
		6CBDB34226CFBCFD00759A09 /* MyFirstProjectTests */ = {
			isa = PBXNativeTarget;
			buildConfigurationList = 6CBDB35A26CFBCFD00759A09 /* Build configuration list for PBXNativeTarget "MyFirstProjectTests" */;
			buildPhases = (
				6CBDB33F26CFBCFD00759A09 /* Sources */,
				6CBDB34026CFBCFD00759A09 /* Frameworks */,
				6CBDB34126CFBCFD00759A09 /* Resources */,
			);
			buildRules = (
			);
			dependencies = (
				6CBDB34526CFBCFD00759A09 /* PBXTargetDependency */,
			);
			name = MyFirstProjectTests;
			productName = MyFirstProjectTests;
			productReference = 6CBDB34326CFBCFD00759A09 /* MyFirstProjectTests.xctest */;
			productType = "com.apple.product-type.bundle.unit-test";
		};
		6CBDB34D26CFBCFD00759A09 /* MyFirstProjectUITests */ = {
			isa = PBXNativeTarget;
			buildConfigurationList = 6CBDB35D26CFBCFD00759A09 /* Build configuration list for PBXNativeTarget "MyFirstProjectUITests" */;
			buildPhases = (
				6CBDB34A26CFBCFD00759A09 /* Sources */,
				6CBDB34B26CFBCFD00759A09 /* Frameworks */,
				6CBDB34C26CFBCFD00759A09 /* Resources */,
			);
			buildRules = (
			);
			dependencies = (
				6CBDB35026CFBCFD00759A09 /* PBXTargetDependency */,
			);
			name = MyFirstProjectUITests;
			productName = MyFirstProjectUITests;
			productReference = 6CBDB34E26CFBCFD00759A09 /* MyFirstProjectUITests.xctest */;
			productType = "com.apple.product-type.bundle.ui-testing";
		};
/* End PBXNativeTarget section */

/* Begin PBXProject section */
		6CBDB32A26CFBCF900759A09 /* Project object */ = {
			isa = PBXProject;
			attributes = {
				LastSwiftUpdateCheck = 1250;
				LastUpgradeCheck = 1250;
				TargetAttributes = {
					6CBDB33126CFBCF900759A09 = {
						CreatedOnToolsVersion = 12.5.1;
					};
					6CBDB34226CFBCFD00759A09 = {
						CreatedOnToolsVersion = 12.5.1;
						TestTargetID = 6CBDB33126CFBCF900759A09;
					};
					6CBDB34D26CFBCFD00759A09 = {
						CreatedOnToolsVersion = 12.5.1;
						TestTargetID = 6CBDB33126CFBCF900759A09;
					};
				};
			};
			buildConfigurationList = 6CBDB32D26CFBCF900759A09 /* Build configuration list for PBXProject "MyFirstProject" */;
			compatibilityVersion = "Xcode 9.3";
			developmentRegion = en;
			hasScannedForEncodings = 0;
			knownRegions = (
				en,
				Base,
			);
			mainGroup = 6CBDB32926CFBCF900759A09;
			productRefGroup = 6CBDB33326CFBCF900759A09 /* Products */;
			projectDirPath = "";
			projectRoot = "";
			targets = (
				6CBDB33126CFBCF900759A09 /* MyFirstProject */,
				6CBDB34226CFBCFD00759A09 /* MyFirstProjectTests */,
				6CBDB34D26CFBCFD00759A09 /* MyFirstProjectUITests */,
			);
		};
/* End PBXProject section */

/* Begin PBXResourcesBuildPhase section */
		6CBDB33026CFBCF900759A09 /* Resources */ = {
			isa = PBXResourcesBuildPhase;
			buildActionMask = 2147483647;
			files = (
				6CBDB33D26CFBCFD00759A09 /* Preview Assets.xcassets in Resources */,
				6CBDB33A26CFBCFD00759A09 /* Assets.xcassets in Resources */,
			);
			runOnlyForDeploymentPostprocessing = 0;
		};
		6CBDB34126CFBCFD00759A09 /* Resources */ = {
			isa = PBXResourcesBuildPhase;
			buildActionMask = 2147483647;
			files = (
			);
			runOnlyForDeploymentPostprocessing = 0;
		};
		6CBDB34C26CFBCFD00759A09 /* Resources */ = {
			isa = PBXResourcesBuildPhase;
			buildActionMask = 2147483647;
			files = (
			);
			runOnlyForDeploymentPostprocessing = 0;
		};
/* End PBXResourcesBuildPhase section */

/* Begin PBXSourcesBuildPhase section */
		6CBDB32E26CFBCF900759A09 /* Sources */ = {
			isa = PBXSourcesBuildPhase;
			buildActionMask = 2147483647;
			files = (
				6CBDB33826CFBCFA00759A09 /* ContentView.swift in Sources */,
				6CBDB33626CFBCFA00759A09 /* MyFirstProjectApp.swift in Sources */,
			);
			runOnlyForDeploymentPostprocessing = 0;
		};
		6CBDB33F26CFBCFD00759A09 /* Sources */ = {
			isa = PBXSourcesBuildPhase;
			buildActionMask = 2147483647;
			files = (
				6CBDB34826CFBCFD00759A09 /* MyFirstProjectTests.swift in Sources */,
			);
			runOnlyForDeploymentPostprocessing = 0;
		};
		6CBDB34A26CFBCFD00759A09 /* Sources */ = {
			isa = PBXSourcesBuildPhase;
			buildActionMask = 2147483647;
			files = (
				6CBDB35326CFBCFD00759A09 /* MyFirstProjectUITests.swift in Sources */,
			);
			runOnlyForDeploymentPostprocessing = 0;
		};
/* End PBXSourcesBuildPhase section */

/* Begin PBXTargetDependency section */
		6CBDB34526CFBCFD00759A09 /* PBXTargetDependency */ = {
			isa = PBXTargetDependency;
			target = 6CBDB33126CFBCF900759A09 /* MyFirstProject */;
			targetProxy = 6CBDB34426CFBCFD00759A09 /* PBXContainerItemProxy */;
		};
		6CBDB35026CFBCFD00759A09 /* PBXTargetDependency */ = {
			isa = PBXTargetDependency;
			target = 6CBDB33126CFBCF900759A09 /* MyFirstProject */;
			targetProxy = 6CBDB34F26CFBCFD00759A09 /* PBXContainerItemProxy */;
		};
/* End PBXTargetDependency section */

/* Begin XCBuildConfiguration section */
		6CBDB35526CFBCFD00759A09 /* Debug */ = {
			isa = XCBuildConfiguration;
			buildSettings = {
				ALWAYS_SEARCH_USER_PATHS = NO;
				CLANG_ANALYZER_NONNULL = YES;
				CLANG_ANALYZER_NUMBER_OBJECT_CONVERSION = YES_AGGRESSIVE;
				CLANG_CXX_LANGUAGE_STANDARD = "gnu++14";
				CLANG_CXX_LIBRARY = "libc++";
				CLANG_ENABLE_MODULES = YES;
				CLANG_ENABLE_OBJC_ARC = YES;
				CLANG_ENABLE_OBJC_WEAK = YES;
				CLANG_WARN_BLOCK_CAPTURE_AUTORELEASING = YES;
				CLANG_WARN_BOOL_CONVERSION = YES;
				CLANG_WARN_COMMA = YES;
				CLANG_WARN_CONSTANT_CONVERSION = YES;
				CLANG_WARN_DEPRECATED_OBJC_IMPLEMENTATIONS = YES;
				CLANG_WARN_DIRECT_OBJC_ISA_USAGE = YES_ERROR;
				CLANG_WARN_DOCUMENTATION_COMMENTS = YES;
				CLANG_WARN_EMPTY_BODY = YES;
				CLANG_WARN_ENUM_CONVERSION = YES;
				CLANG_WARN_INFINITE_RECURSION = YES;
				CLANG_WARN_INT_CONVERSION = YES;
				CLANG_WARN_NON_LITERAL_NULL_CONVERSION = YES;
				CLANG_WARN_OBJC_IMPLICIT_RETAIN_SELF = YES;
				CLANG_WARN_OBJC_LITERAL_CONVERSION = YES;
				CLANG_WARN_OBJC_ROOT_CLASS = YES_ERROR;
				CLANG_WARN_QUOTED_INCLUDE_IN_FRAMEWORK_HEADER = YES;
				CLANG_WARN_RANGE_LOOP_ANALYSIS = YES;
				CLANG_WARN_STRICT_PROTOTYPES = YES;
				CLANG_WARN_SUSPICIOUS_MOVE = YES;
				CLANG_WARN_UNGUARDED_AVAILABILITY = YES_AGGRESSIVE;
				CLANG_WARN_UNREACHABLE_CODE = YES;
				CLANG_WARN__DUPLICATE_METHOD_MATCH = YES;
				COPY_PHASE_STRIP = NO;
				DEBUG_INFORMATION_FORMAT = dwarf;
				ENABLE_STRICT_OBJC_MSGSEND = YES;
				ENABLE_TESTABILITY = YES;
				GCC_C_LANGUAGE_STANDARD = gnu11;
				GCC_DYNAMIC_NO_PIC = NO;
				GCC_NO_COMMON_BLOCKS = YES;
				GCC_OPTIMIZATION_LEVEL = 0;
				GCC_PREPROCESSOR_DEFINITIONS = (
					"DEBUG=1",
					"$(inherited)",
				);
				GCC_WARN_64_TO_32_BIT_CONVERSION = YES;
				GCC_WARN_ABOUT_RETURN_TYPE = YES_ERROR;
				GCC_WARN_UNDECLARED_SELECTOR = YES;
				GCC_WARN_UNINITIALIZED_AUTOS = YES_AGGRESSIVE;
				GCC_WARN_UNUSED_FUNCTION = YES;
				GCC_WARN_UNUSED_VARIABLE = YES;
				IPHONEOS_DEPLOYMENT_TARGET = 14.5;
				MTL_ENABLE_DEBUG_INFO = INCLUDE_SOURCE;
				MTL_FAST_MATH = YES;
				ONLY_ACTIVE_ARCH = YES;
				SDKROOT = iphoneos;
				SWIFT_ACTIVE_COMPILATION_CONDITIONS = DEBUG;
				SWIFT_OPTIMIZATION_LEVEL = "-Onone";
			};
			name = Debug;
		};
		6CBDB35626CFBCFD00759A09 /* Release */ = {
			isa = XCBuildConfiguration;
			buildSettings = {
				ALWAYS_SEARCH_USER_PATHS = NO;
				CLANG_ANALYZER_NONNULL = YES;
				CLANG_ANALYZER_NUMBER_OBJECT_CONVERSION = YES_AGGRESSIVE;
				CLANG_CXX_LANGUAGE_STANDARD = "gnu++14";
				CLANG_CXX_LIBRARY = "libc++";
				CLANG_ENABLE_MODULES = YES;
				CLANG_ENABLE_OBJC_ARC = YES;
				CLANG_ENABLE_OBJC_WEAK = YES;
				CLANG_WARN_BLOCK_CAPTURE_AUTORELEASING = YES;
				CLANG_WARN_BOOL_CONVERSION = YES;
				CLANG_WARN_COMMA = YES;
				CLANG_WARN_CONSTANT_CONVERSION = YES;
				CLANG_WARN_DEPRECATED_OBJC_IMPLEMENTATIONS = YES;
				CLANG_WARN_DIRECT_OBJC_ISA_USAGE = YES_ERROR;
				CLANG_WARN_DOCUMENTATION_COMMENTS = YES;
				CLANG_WARN_EMPTY_BODY = YES;
				CLANG_WARN_ENUM_CONVERSION = YES;
				CLANG_WARN_INFINITE_RECURSION = YES;
				CLANG_WARN_INT_CONVERSION = YES;
				CLANG_WARN_NON_LITERAL_NULL_CONVERSION = YES;
				CLANG_WARN_OBJC_IMPLICIT_RETAIN_SELF = YES;
				CLANG_WARN_OBJC_LITERAL_CONVERSION = YES;
				CLANG_WARN_OBJC_ROOT_CLASS = YES_ERROR;
				CLANG_WARN_QUOTED_INCLUDE_IN_FRAMEWORK_HEADER = YES;
				CLANG_WARN_RANGE_LOOP_ANALYSIS = YES;
				CLANG_WARN_STRICT_PROTOTYPES = YES;
				CLANG_WARN_SUSPICIOUS_MOVE = YES;
				CLANG_WARN_UNGUARDED_AVAILABILITY = YES_AGGRESSIVE;
				CLANG_WARN_UNREACHABLE_CODE = YES;
				CLANG_WARN__DUPLICATE_METHOD_MATCH = YES;
				COPY_PHASE_STRIP = NO;
				DEBUG_INFORMATION_FORMAT = "dwarf-with-dsym";
				ENABLE_NS_ASSERTIONS = NO;
				ENABLE_STRICT_OBJC_MSGSEND = YES;
				GCC_C_LANGUAGE_STANDARD = gnu11;
				GCC_NO_COMMON_BLOCKS = YES;
				GCC_WARN_64_TO_32_BIT_CONVERSION = YES;
				GCC_WARN_ABOUT_RETURN_TYPE = YES_ERROR;
				GCC_WARN_UNDECLARED_SELECTOR = YES;
				GCC_WARN_UNINITIALIZED_AUTOS = YES_AGGRESSIVE;
				GCC_WARN_UNUSED_FUNCTION = YES;
				GCC_WARN_UNUSED_VARIABLE = YES;
				IPHONEOS_DEPLOYMENT_TARGET = 14.5;
				MTL_ENABLE_DEBUG_INFO = NO;
				MTL_FAST_MATH = YES;
				SDKROOT = iphoneos;
				SWIFT_COMPILATION_MODE = wholemodule;
				SWIFT_OPTIMIZATION_LEVEL = "-O";
				VALIDATE_PRODUCT = YES;
			};
			name = Release;
		};
		6CBDB35826CFBCFD00759A09 /* Debug */ = {
			isa = XCBuildConfiguration;
			buildSettings = {
				ASSETCATALOG_COMPILER_APPICON_NAME = AppIcon;
				ASSETCATALOG_COMPILER_GLOBAL_ACCENT_COLOR_NAME = AccentColor;
				CODE_SIGN_STYLE = Automatic;
				DEVELOPMENT_ASSET_PATHS = "\"MyFirstProject/Preview Content\"";
				DEVELOPMENT_TEAM = 677XRG48VD;
				ENABLE_PREVIEWS = YES;
				INFOPLIST_FILE = MyFirstProject/Info.plist;
				IPHONEOS_DEPLOYMENT_TARGET = 14.0;
				LD_RUNPATH_SEARCH_PATHS = (
					"$(inherited)",
					"@executable_path/Frameworks",
				);
				PRODUCT_BUNDLE_IDENTIFIER = lupo.MyFirstProject;
				PRODUCT_NAME = "$(TARGET_NAME)";
				SWIFT_VERSION = 5.0;
				TARGETED_DEVICE_FAMILY = "1,2";
			};
			name = Debug;
		};
		6CBDB35926CFBCFD00759A09 /* Release */ = {
			isa = XCBuildConfiguration;
			buildSettings = {
				ASSETCATALOG_COMPILER_APPICON_NAME = AppIcon;
				ASSETCATALOG_COMPILER_GLOBAL_ACCENT_COLOR_NAME = AccentColor;
				CODE_SIGN_STYLE = Automatic;
				DEVELOPMENT_ASSET_PATHS = "\"MyFirstProject/Preview Content\"";
				DEVELOPMENT_TEAM = 677XRG48VD;
				ENABLE_PREVIEWS = YES;
				INFOPLIST_FILE = MyFirstProject/Info.plist;
				IPHONEOS_DEPLOYMENT_TARGET = 14.0;
				LD_RUNPATH_SEARCH_PATHS = (
					"$(inherited)",
					"@executable_path/Frameworks",
				);
				PRODUCT_BUNDLE_IDENTIFIER = lupo.MyFirstProject;
				PRODUCT_NAME = "$(TARGET_NAME)";
				SWIFT_VERSION = 5.0;
				TARGETED_DEVICE_FAMILY = "1,2";
			};
			name = Release;
		};
		6CBDB35B26CFBCFD00759A09 /* Debug */ = {
			isa = XCBuildConfiguration;
			buildSettings = {
				ALWAYS_EMBED_SWIFT_STANDARD_LIBRARIES = YES;
				BUNDLE_LOADER = "$(TEST_HOST)";
				CODE_SIGN_STYLE = Automatic;
				DEVELOPMENT_TEAM = 677XRG48VD;
				INFOPLIST_FILE = MyFirstProjectTests/Info.plist;
				IPHONEOS_DEPLOYMENT_TARGET = 14.0;
				LD_RUNPATH_SEARCH_PATHS = (
					"$(inherited)",
					"@executable_path/Frameworks",
					"@loader_path/Frameworks",
				);
				PRODUCT_BUNDLE_IDENTIFIER = lupo.MyFirstProjectTests;
				PRODUCT_NAME = "$(TARGET_NAME)";
				SWIFT_VERSION = 5.0;
				TARGETED_DEVICE_FAMILY = "1,2";
				TEST_HOST = "$(BUILT_PRODUCTS_DIR)/MyFirstProject.app/MyFirstProject";
			};
			name = Debug;
		};
		6CBDB35C26CFBCFD00759A09 /* Release */ = {
			isa = XCBuildConfiguration;
			buildSettings = {
				ALWAYS_EMBED_SWIFT_STANDARD_LIBRARIES = YES;
				BUNDLE_LOADER = "$(TEST_HOST)";
				CODE_SIGN_STYLE = Automatic;
				DEVELOPMENT_TEAM = 677XRG48VD;
				INFOPLIST_FILE = MyFirstProjectTests/Info.plist;
				IPHONEOS_DEPLOYMENT_TARGET = 14.0;
				LD_RUNPATH_SEARCH_PATHS = (
					"$(inherited)",
					"@executable_path/Frameworks",
					"@loader_path/Frameworks",
				);
				PRODUCT_BUNDLE_IDENTIFIER = lupo.MyFirstProjectTests;
				PRODUCT_NAME = "$(TARGET_NAME)";
				SWIFT_VERSION = 5.0;
				TARGETED_DEVICE_FAMILY = "1,2";
				TEST_HOST = "$(BUILT_PRODUCTS_DIR)/MyFirstProject.app/MyFirstProject";
			};
			name = Release;
		};
		6CBDB35E26CFBCFD00759A09 /* Debug */ = {
			isa = XCBuildConfiguration;
			buildSettings = {
				ALWAYS_EMBED_SWIFT_STANDARD_LIBRARIES = YES;
				CODE_SIGN_STYLE = Automatic;
				DEVELOPMENT_TEAM = 677XRG48VD;
				INFOPLIST_FILE = MyFirstProjectUITests/Info.plist;
				LD_RUNPATH_SEARCH_PATHS = (
					"$(inherited)",
					"@executable_path/Frameworks",
					"@loader_path/Frameworks",
				);
				PRODUCT_BUNDLE_IDENTIFIER = lupo.MyFirstProjectUITests;
				PRODUCT_NAME = "$(TARGET_NAME)";
				SWIFT_VERSION = 5.0;
				TARGETED_DEVICE_FAMILY = "1,2";
				TEST_TARGET_NAME = MyFirstProject;
			};
			name = Debug;
		};
		6CBDB35F26CFBCFD00759A09 /* Release */ = {
			isa = XCBuildConfiguration;
			buildSettings = {
				ALWAYS_EMBED_SWIFT_STANDARD_LIBRARIES = YES;
				CODE_SIGN_STYLE = Automatic;
				DEVELOPMENT_TEAM = 677XRG48VD;
				INFOPLIST_FILE = MyFirstProjectUITests/Info.plist;
				LD_RUNPATH_SEARCH_PATHS = (
					"$(inherited)",
					"@executable_path/Frameworks",
					"@loader_path/Frameworks",
				);
				PRODUCT_BUNDLE_IDENTIFIER = lupo.MyFirstProjectUITests;
				PRODUCT_NAME = "$(TARGET_NAME)";
				SWIFT_VERSION = 5.0;
				TARGETED_DEVICE_FAMILY = "1,2";
				TEST_TARGET_NAME = MyFirstProject;
			};
			name = Release;
		};
/* End XCBuildConfiguration section */

/* Begin XCConfigurationList section */
		6CBDB32D26CFBCF900759A09 /* Build configuration list for PBXProject "MyFirstProject" */ = {
			isa = XCConfigurationList;
			buildConfigurations = (
				6CBDB35526CFBCFD00759A09 /* Debug */,
				6CBDB35626CFBCFD00759A09 /* Release */,
			);
			defaultConfigurationIsVisible = 0;
			defaultConfigurationName = Release;
		};
		6CBDB35726CFBCFD00759A09 /* Build configuration list for PBXNativeTarget "MyFirstProject" */ = {
			isa = XCConfigurationList;
			buildConfigurations = (
				6CBDB35826CFBCFD00759A09 /* Debug */,
				6CBDB35926CFBCFD00759A09 /* Release */,
			);
			defaultConfigurationIsVisible = 0;
			defaultConfigurationName = Release;
		};
		6CBDB35A26CFBCFD00759A09 /* Build configuration list for PBXNativeTarget "MyFirstProjectTests" */ = {
			isa = XCConfigurationList;
			buildConfigurations = (
				6CBDB35B26CFBCFD00759A09 /* Debug */,
				6CBDB35C26CFBCFD00759A09 /* Release */,
			);
			defaultConfigurationIsVisible = 0;
			defaultConfigurationName = Release;
		};
		6CBDB35D26CFBCFD00759A09 /* Build configuration list for PBXNativeTarget "MyFirstProjectUITests" */ = {
			isa = XCConfigurationList;
			buildConfigurations = (
				6CBDB35E26CFBCFD00759A09 /* Debug */,
				6CBDB35F26CFBCFD00759A09 /* Release */,
			);
			defaultConfigurationIsVisible = 0;
			defaultConfigurationName = Release;
		};
/* End XCConfigurationList section */
	};
	rootObject = 6CBDB32A26CFBCF900759A09 /* Project object */;
}
